
Microsoft Visual Studio Solution File, Format Version 11.00
# Visual Studio 2010
Project("{2150E333-8FDC-42A3-9474-1A3956D46DE8}") = "TestData", "TestData", "{795BD409-5B1D-47E3-BC98-1ABFECB7D046}"
EndProject
Project("{2150E333-8FDC-42A3-9474-1A3956D46DE8}") = "Functional Data", "Functional Data", "{6B0366F8-104B-4B8B-A38C-F03BC6504B90}"
EndProject
Project("{2150E333-8FDC-42A3-9474-1A3956D46DE8}") = "Modules", "Modules", "{A3991F62-5131-4901-AE6D-4F027BD6EFF0}"
	ProjectSection(SolutionItems) = preProject
		Nomad.Tests\FunctionalTests\Data\EmptyModule.cs = Nomad.Tests\FunctionalTests\Data\EmptyModule.cs
		Nomad.Tests\FunctionalTests\Data\ModuleWithConstructorDependency.cs = Nomad.Tests\FunctionalTests\Data\ModuleWithConstructorDependency.cs
		Nomad.Tests\FunctionalTests\Data\ModuleWithPropertyDependency.cs = Nomad.Tests\FunctionalTests\Data\ModuleWithPropertyDependency.cs
		Nomad.Tests\FunctionalTests\Data\RegistringServiceModule.cs = Nomad.Tests\FunctionalTests\Data\RegistringServiceModule.cs
		Nomad.Tests\FunctionalTests\Data\ResolvingServiceModule.cs = Nomad.Tests\FunctionalTests\Data\ResolvingServiceModule.cs
	EndProjectSection
EndProject
Project("{2150E333-8FDC-42A3-9474-1A3956D46DE8}") = "Utils", "Utils", "{0DC7A9CF-DB4C-47D3-95C2-51FEEA924FB0}"
EndProject
Project("{2150E333-8FDC-42A3-9474-1A3956D46DE8}") = "Tutorials", "Tutorials", "{7658FD92-7978-4772-A530-CAD32A656DC0}"
EndProject
Project("{2150E333-8FDC-42A3-9474-1A3956D46DE8}") = "Tutorial_01_LoadingUnloading_Modules", "Tutorial_01_LoadingUnloading_Modules", "{10C9F747-ABB7-4548-B5E4-25449736D7F0}"
EndProject
Project("{2150E333-8FDC-42A3-9474-1A3956D46DE8}") = "Tutorial_02_ServiceLocator", "Tutorial_02_ServiceLocator", "{24940CF6-1C5F-4E26-97F0-019F5A3A53CF}"
EndProject
Project("{2150E333-8FDC-42A3-9474-1A3956D46DE8}") = "Tutorial_03_EventAggretor", "Tutorial_03_EventAggretor", "{A7F38696-7175-4258-B853-BAF3EC649A4E}"
EndProject
Project("{FAE04EC0-301F-11D3-BF4B-00C04F79EFBC}") = "TestsShared", "TestsShared\TestsShared.csproj", "{568F24F9-9ED8-4D0B-931C-8506E3A4808C}"
EndProject
Project("{FAE04EC0-301F-11D3-BF4B-00C04F79EFBC}") = "Nomad", "Nomad\Nomad.csproj", "{3828EBBD-FFBA-4C30-BF46-D3742BC165F1}"
EndProject
Project("{FAE04EC0-301F-11D3-BF4B-00C04F79EFBC}") = "Nomad.Tests", "Nomad.Tests\Nomad.Tests.csproj", "{18AC8400-37F4-4473-9BEB-204B0C9D9ABE}"
EndProject
Project("{FAE04EC0-301F-11D3-BF4B-00C04F79EFBC}") = "Nomad.KeysGenerator", "Nomad.KeysGenerator\Nomad.KeysGenerator.csproj", "{1F6C3A60-1A3C-4627-A9F3-B71897468E21}"
EndProject
Project("{FAE04EC0-301F-11D3-BF4B-00C04F79EFBC}") = "Nomad.ManifestCreator", "Nomad.ManifestCreator\Nomad.ManifestCreator.csproj", "{EF5A9D12-B2C4-46E0-B7E9-75868819C4C8}"
EndProject
Project("{FAE04EC0-301F-11D3-BF4B-00C04F79EFBC}") = "Example_Module", "Nomad.Tutorials\Example_Module\Example_Module.csproj", "{53900961-4836-42AD-B71E-301A2434596F}"
EndProject
Project("{FAE04EC0-301F-11D3-BF4B-00C04F79EFBC}") = "Registering_within_ServiceLocator_Module", "Nomad.Tutorials\Registering_within_ServiceLocator_Module\Registering_within_ServiceLocator_Module.csproj", "{44F71B67-7CBD-41F2-A136-14405E2C9C31}"
EndProject
Project("{FAE04EC0-301F-11D3-BF4B-00C04F79EFBC}") = "ServiceLocator_dependent_Module", "Nomad.Tutorials\ServiceLocator_dependent_Module\ServiceLocator_dependent_Module.csproj", "{C2298ED2-F3AA-40E0-8216-9762C09C1F56}"
EndProject
Project("{FAE04EC0-301F-11D3-BF4B-00C04F79EFBC}") = "SimpleCommunicationServiceInterface", "Nomad.Tutorials\SimpleCommunicationServiceInterface\SimpleCommunicationServiceInterface.csproj", "{E15369D3-E227-47C0-8273-E336DF1BB519}"
EndProject
Project("{FAE04EC0-301F-11D3-BF4B-00C04F79EFBC}") = "Loading_Unloading_Modules_Host_Application", "Nomad.Tutorials\Loading_Unloading_Modules_Host_Application\Loading_Unloading_Modules_Host_Application.csproj", "{EDB3E0D1-A7AD-46EC-9620-13FE3C5A661B}"
EndProject
Project("{FAE04EC0-301F-11D3-BF4B-00C04F79EFBC}") = "ServiceLocator_Host_Application", "Nomad.Tutorials\ServiceLocator_Host_Application\ServiceLocator_Host_Application.csproj", "{A6AECD48-8DCB-4B6F-B9DA-66B6CD39D37F}"
EndProject
Project("{FAE04EC0-301F-11D3-BF4B-00C04F79EFBC}") = "EventAggregator_Host_Application", "Nomad.Tutorials\EventAggregator_Host_Application\EventAggregator_Host_Application.csproj", "{8DA40355-D458-4EE6-9FD9-E1406C73E5EB}"
EndProject
Project("{FAE04EC0-301F-11D3-BF4B-00C04F79EFBC}") = "Controlling_Publisher_Module", "Nomad.Tutorials\Controlling_Publisher_Module\Controlling_Publisher_Module.csproj", "{609956AE-F9B0-489C-AE90-EC9D6068055F}"
EndProject
Project("{FAE04EC0-301F-11D3-BF4B-00C04F79EFBC}") = "Simple_Publisher_Module", "Nomad.Tutorials\Simple_Publisher_Module\Simple_Publisher_Module.csproj", "{DD8DFE4B-BF87-4C8A-95A4-EFAA3F6EABD7}"
EndProject
Project("{FAE04EC0-301F-11D3-BF4B-00C04F79EFBC}") = "EventAggregatorCommunicationTypes", "Nomad.Tutorials\EventAggregatorCommunicationTypes\EventAggregatorCommunicationTypes.csproj", "{2B0A0CD6-FD57-48F0-A163-F39073981934}"
EndProject
Project("{2150E333-8FDC-42A3-9474-1A3956D46DE8}") = "OneToMany", "OneToMany", "{F57CD6F9-607D-4A0F-9E59-5DA478D6E405}"
	ProjectSection(SolutionItems) = preProject
		Nomad.Tests\FunctionalTests\Data\Dependencies\DependencyModule1.cs = Nomad.Tests\FunctionalTests\Data\Dependencies\DependencyModule1.cs
		Nomad.Tests\FunctionalTests\Data\Dependencies\DependencyModule2.cs = Nomad.Tests\FunctionalTests\Data\Dependencies\DependencyModule2.cs
		Nomad.Tests\FunctionalTests\Data\Dependencies\ModuleWithDependency.cs = Nomad.Tests\FunctionalTests\Data\Dependencies\ModuleWithDependency.cs
	EndProjectSection
EndProject
Project("{2150E333-8FDC-42A3-9474-1A3956D46DE8}") = "Chain", "Chain", "{CF8312A2-4569-4BF7-812A-A84ED9CBCDD3}"
	ProjectSection(SolutionItems) = preProject
		Nomad.Tests\FunctionalTests\Data\ChainDependencies\DependencyModule1.cs = Nomad.Tests\FunctionalTests\Data\ChainDependencies\DependencyModule1.cs
		Nomad.Tests\FunctionalTests\Data\ChainDependencies\DependencyModule2.cs = Nomad.Tests\FunctionalTests\Data\ChainDependencies\DependencyModule2.cs
		Nomad.Tests\FunctionalTests\Data\ChainDependencies\ModuleWithDependency.cs = Nomad.Tests\FunctionalTests\Data\ChainDependencies\ModuleWithDependency.cs
	EndProjectSection
EndProject
Project("{2150E333-8FDC-42A3-9474-1A3956D46DE8}") = "Dependencies", "Dependencies", "{223E9D5F-91DD-4920-9F66-2355ACA86F8B}"
EndProject
Project("{2150E333-8FDC-42A3-9474-1A3956D46DE8}") = "ErrorInitialize", "ErrorInitialize", "{6DB81550-DFDC-4701-A687-C2517D6533C2}"
	ProjectSection(SolutionItems) = preProject
		Nomad.Tests\FunctionalTests\Data\ErrorInitialize\DependencyModule1.cs = Nomad.Tests\FunctionalTests\Data\ErrorInitialize\DependencyModule1.cs
		Nomad.Tests\FunctionalTests\Data\ErrorInitialize\ModuleWithDependency.cs = Nomad.Tests\FunctionalTests\Data\ErrorInitialize\ModuleWithDependency.cs
	EndProjectSection
EndProject
Project("{2150E333-8FDC-42A3-9474-1A3956D46DE8}") = "ErrorLoad", "ErrorLoad", "{B6E2706F-EBED-4FEA-B048-E8E0C9FD6D30}"
	ProjectSection(SolutionItems) = preProject
		Nomad.Tests\FunctionalTests\Data\ErrorLoad\DependencyModule1.cs = Nomad.Tests\FunctionalTests\Data\ErrorLoad\DependencyModule1.cs
		Nomad.Tests\FunctionalTests\Data\ErrorLoad\ModuleWithDependency.cs = Nomad.Tests\FunctionalTests\Data\ErrorLoad\ModuleWithDependency.cs
	EndProjectSection
EndProject
Project("{2150E333-8FDC-42A3-9474-1A3956D46DE8}") = "Kernel", "Kernel", "{7BE8A034-FCB4-4E95-A70A-7E260ECC41D9}"
	ProjectSection(SolutionItems) = preProject
		Nomad.Tests\FunctionalTests\Data\Kernel\AllModulesLoadedEventAwareModule.cs = Nomad.Tests\FunctionalTests\Data\Kernel\AllModulesLoadedEventAwareModule.cs
		Nomad.Tests\FunctionalTests\Data\Kernel\EventAwareModule.cs = Nomad.Tests\FunctionalTests\Data\Kernel\EventAwareModule.cs
	EndProjectSection
EndProject
Project("{2150E333-8FDC-42A3-9474-1A3956D46DE8}") = "Services", "Services", "{B3D7575D-70C2-46B4-98CE-6E262FB558B0}"
	ProjectSection(SolutionItems) = preProject
		Nomad.Tests\FunctionalTests\Data\Services\SimplestModulePossible1.cs = Nomad.Tests\FunctionalTests\Data\Services\SimplestModulePossible1.cs
		Nomad.Tests\FunctionalTests\Data\Services\SimplestModulePossible2.cs = Nomad.Tests\FunctionalTests\Data\Services\SimplestModulePossible2.cs
	EndProjectSection
EndProject
Project("{2150E333-8FDC-42A3-9474-1A3956D46DE8}") = "Updater", "Updater", "{CEE03019-DE60-4DBA-9784-6BCBCE3E2665}"
	ProjectSection(SolutionItems) = preProject
		Nomad.Tests\FunctionalTests\Data\Updater\UpdaterModule.cs = Nomad.Tests\FunctionalTests\Data\Updater\UpdaterModule.cs
		Nomad.Tests\FunctionalTests\Data\Updater\UpdaterModuleManual.cs = Nomad.Tests\FunctionalTests\Data\Updater\UpdaterModuleManual.cs
	EndProjectSection
EndProject
Project("{FAE04EC0-301F-11D3-BF4B-00C04F79EFBC}") = "ThinWpfHost", "Nomad.Tutorials\ThinWpfHost\ThinWpfHost.csproj", "{22E06AFA-4B74-45AC-8BF3-1F33F54F0A28}"
EndProject
Project("{FAE04EC0-301F-11D3-BF4B-00C04F79EFBC}") = "WpfApplicationModule", "Nomad.Tutorials\WpfApplicationModule\WpfApplicationModule.csproj", "{20A70754-FC70-41D7-B395-68777BEF1AC8}"
EndProject
Project("{2150E333-8FDC-42A3-9474-1A3956D46DE8}") = "Tutorial_04_WpfApplication", "Tutorial_04_WpfApplication", "{F311E519-E8C4-4C82-831B-14EFDD72F542}"
EndProject
Project("{FAE04EC0-301F-11D3-BF4B-00C04F79EFBC}") = "WpfButtonModule", "Nomad.Tutorials\WpfButtonModule\WpfButtonModule.csproj", "{E67D7FB1-4F68-4B6A-9FD6-F8C2EDC6AFFF}"
EndProject
Project("{FAE04EC0-301F-11D3-BF4B-00C04F79EFBC}") = "Nomad.RepositoryServer", "Nomad.RepositoryServer\Nomad.RepositoryServer.csproj", "{11D7FC79-9873-4234-BB08-A75E01FD7092}"
EndProject
Project("{FAE04EC0-301F-11D3-BF4B-00C04F79EFBC}") = "Nomad.RepositoryServer.Tests", "Nomad.RepositoryServer.Tests\Nomad.RepositoryServer.Tests.csproj", "{1B6620DB-87F5-49C5-826E-E59FB9E6496A}"
EndProject
Project("{2150E333-8FDC-42A3-9474-1A3956D46DE8}") = "Example Application", "Example Application", "{11700600-3F50-484A-AFF5-9A6FF09D155B}"
EndProject
Project("{FAE04EC0-301F-11D3-BF4B-00C04F79EFBC}") = "Application_Thin_Host", "Nomad.Examples\Application_Thin_Host\Application_Thin_Host.csproj", "{1F5FE9E8-912A-4582-A713-49191F06D0BA}"
	ProjectSection(ProjectDependencies) = postProject
		{2030A35E-912F-439B-8808-AEA5025F0DB7} = {2030A35E-912F-439B-8808-AEA5025F0DB7}
	EndProjectSection
EndProject
Project("{2150E333-8FDC-42A3-9474-1A3956D46DE8}") = "Example Application Modules", "Example Application Modules", "{86848038-102B-421B-A3FC-FC1816AF4C6E}"
EndProject
Project("{FAE04EC0-301F-11D3-BF4B-00C04F79EFBC}") = "Application_WPF_Shell", "Nomad.Examples\Application_WPF_Shell\Application_WPF_Shell.csproj", "{2030A35E-912F-439B-8808-AEA5025F0DB7}"
	ProjectSection(ProjectDependencies) = postProject
		{EF5A9D12-B2C4-46E0-B7E9-75868819C4C8} = {EF5A9D12-B2C4-46E0-B7E9-75868819C4C8}
		{F6C9FD33-9A6C-4C5F-A6F0-BB9D4563D09F} = {F6C9FD33-9A6C-4C5F-A6F0-BB9D4563D09F}
		{85BA7B52-3192-4D00-9A81-4D287B6FA045} = {85BA7B52-3192-4D00-9A81-4D287B6FA045}
		{BE28955D-72A3-4692-8856-582750F0A8EF} = {BE28955D-72A3-4692-8856-582750F0A8EF}
		{1F6C3A60-1A3C-4627-A9F3-B71897468E21} = {1F6C3A60-1A3C-4627-A9F3-B71897468E21}
		{97201BBC-900F-4416-8CEC-34C94F57E76B} = {97201BBC-900F-4416-8CEC-34C94F57E76B}
		{AB2AF8C8-4641-4291-81F6-5EE4BBAFB59E} = {AB2AF8C8-4641-4291-81F6-5EE4BBAFB59E}
	EndProjectSection
EndProject
Project("{FAE04EC0-301F-11D3-BF4B-00C04F79EFBC}") = "FileLoaderModule", "Nomad.Examples\FileLoaderModule\FileLoaderModule.csproj", "{85BA7B52-3192-4D00-9A81-4D287B6FA045}"
	ProjectSection(ProjectDependencies) = postProject
		{EF5A9D12-B2C4-46E0-B7E9-75868819C4C8} = {EF5A9D12-B2C4-46E0-B7E9-75868819C4C8}
		{1F6C3A60-1A3C-4627-A9F3-B71897468E21} = {1F6C3A60-1A3C-4627-A9F3-B71897468E21}
	EndProjectSection
EndProject
Project("{FAE04EC0-301F-11D3-BF4B-00C04F79EFBC}") = "GraphicFilesHandlerModule", "Nomad.Examples\GraphicFilesHandlerModule\GraphicFilesHandlerModule.csproj", "{BE28955D-72A3-4692-8856-582750F0A8EF}"
	ProjectSection(ProjectDependencies) = postProject
		{EF5A9D12-B2C4-46E0-B7E9-75868819C4C8} = {EF5A9D12-B2C4-46E0-B7E9-75868819C4C8}
		{1F6C3A60-1A3C-4627-A9F3-B71897468E21} = {1F6C3A60-1A3C-4627-A9F3-B71897468E21}
	EndProjectSection
EndProject
Project("{FAE04EC0-301F-11D3-BF4B-00C04F79EFBC}") = "TextFileHandlerModule", "Nomad.Examples\TextFileHandlerModule\TextFileHandlerModule.csproj", "{97201BBC-900F-4416-8CEC-34C94F57E76B}"
	ProjectSection(ProjectDependencies) = postProject
		{EF5A9D12-B2C4-46E0-B7E9-75868819C4C8} = {EF5A9D12-B2C4-46E0-B7E9-75868819C4C8}
		{1F6C3A60-1A3C-4627-A9F3-B71897468E21} = {1F6C3A60-1A3C-4627-A9F3-B71897468E21}
	EndProjectSection
EndProject
Project("{FAE04EC0-301F-11D3-BF4B-00C04F79EFBC}") = "ListingAllLoadedModule", "Nomad.Examples\ListingAllLoadedModule\ListingAllLoadedModule.csproj", "{AB2AF8C8-4641-4291-81F6-5EE4BBAFB59E}"
	ProjectSection(ProjectDependencies) = postProject
		{EF5A9D12-B2C4-46E0-B7E9-75868819C4C8} = {EF5A9D12-B2C4-46E0-B7E9-75868819C4C8}
		{1F6C3A60-1A3C-4627-A9F3-B71897468E21} = {1F6C3A60-1A3C-4627-A9F3-B71897468E21}
	EndProjectSection
EndProject
Project("{FAE04EC0-301F-11D3-BF4B-00C04F79EFBC}") = "ThreadedToolbarControlledModule", "Nomad.Examples\ThreadedToolbarControlledModule\ThreadedToolbarControlledModule.csproj", "{F6C9FD33-9A6C-4C5F-A6F0-BB9D4563D09F}"
	ProjectSection(ProjectDependencies) = postProject
		{EF5A9D12-B2C4-46E0-B7E9-75868819C4C8} = {EF5A9D12-B2C4-46E0-B7E9-75868819C4C8}
		{1F6C3A60-1A3C-4627-A9F3-B71897468E21} = {1F6C3A60-1A3C-4627-A9F3-B71897468E21}
	EndProjectSection
EndProject
Global
	GlobalSection(SolutionConfigurationPlatforms) = preSolution
		Debug|Any CPU = Debug|Any CPU
		Debug|Mixed Platforms = Debug|Mixed Platforms
		Debug|x86 = Debug|x86
		Release|Any CPU = Release|Any CPU
		Release|Mixed Platforms = Release|Mixed Platforms
		Release|x86 = Release|x86
	EndGlobalSection
	GlobalSection(ProjectConfigurationPlatforms) = postSolution
		{568F24F9-9ED8-4D0B-931C-8506E3A4808C}.Debug|Any CPU.ActiveCfg = Debug|Any CPU
		{568F24F9-9ED8-4D0B-931C-8506E3A4808C}.Debug|Any CPU.Build.0 = Debug|Any CPU
		{568F24F9-9ED8-4D0B-931C-8506E3A4808C}.Debug|Mixed Platforms.ActiveCfg = Debug|Any CPU
		{568F24F9-9ED8-4D0B-931C-8506E3A4808C}.Debug|Mixed Platforms.Build.0 = Debug|Any CPU
		{568F24F9-9ED8-4D0B-931C-8506E3A4808C}.Debug|x86.ActiveCfg = Debug|Any CPU
		{568F24F9-9ED8-4D0B-931C-8506E3A4808C}.Release|Any CPU.ActiveCfg = Release|Any CPU
		{568F24F9-9ED8-4D0B-931C-8506E3A4808C}.Release|Any CPU.Build.0 = Release|Any CPU
		{568F24F9-9ED8-4D0B-931C-8506E3A4808C}.Release|Mixed Platforms.ActiveCfg = Release|Any CPU
		{568F24F9-9ED8-4D0B-931C-8506E3A4808C}.Release|Mixed Platforms.Build.0 = Release|Any CPU
		{568F24F9-9ED8-4D0B-931C-8506E3A4808C}.Release|x86.ActiveCfg = Release|Any CPU
		{3828EBBD-FFBA-4C30-BF46-D3742BC165F1}.Debug|Any CPU.ActiveCfg = Debug|Any CPU
		{3828EBBD-FFBA-4C30-BF46-D3742BC165F1}.Debug|Any CPU.Build.0 = Debug|Any CPU
		{3828EBBD-FFBA-4C30-BF46-D3742BC165F1}.Debug|Mixed Platforms.ActiveCfg = Debug|Any CPU
		{3828EBBD-FFBA-4C30-BF46-D3742BC165F1}.Debug|Mixed Platforms.Build.0 = Debug|Any CPU
		{3828EBBD-FFBA-4C30-BF46-D3742BC165F1}.Debug|x86.ActiveCfg = Debug|Any CPU
		{3828EBBD-FFBA-4C30-BF46-D3742BC165F1}.Release|Any CPU.ActiveCfg = Release|Any CPU
		{3828EBBD-FFBA-4C30-BF46-D3742BC165F1}.Release|Any CPU.Build.0 = Release|Any CPU
		{3828EBBD-FFBA-4C30-BF46-D3742BC165F1}.Release|Mixed Platforms.ActiveCfg = Release|Any CPU
		{3828EBBD-FFBA-4C30-BF46-D3742BC165F1}.Release|Mixed Platforms.Build.0 = Release|Any CPU
		{3828EBBD-FFBA-4C30-BF46-D3742BC165F1}.Release|x86.ActiveCfg = Release|Any CPU
		{18AC8400-37F4-4473-9BEB-204B0C9D9ABE}.Debug|Any CPU.ActiveCfg = Debug|Any CPU
		{18AC8400-37F4-4473-9BEB-204B0C9D9ABE}.Debug|Any CPU.Build.0 = Debug|Any CPU
		{18AC8400-37F4-4473-9BEB-204B0C9D9ABE}.Debug|Mixed Platforms.ActiveCfg = Debug|Any CPU
		{18AC8400-37F4-4473-9BEB-204B0C9D9ABE}.Debug|Mixed Platforms.Build.0 = Debug|Any CPU
		{18AC8400-37F4-4473-9BEB-204B0C9D9ABE}.Debug|x86.ActiveCfg = Debug|Any CPU
		{18AC8400-37F4-4473-9BEB-204B0C9D9ABE}.Release|Any CPU.ActiveCfg = Release|Any CPU
		{18AC8400-37F4-4473-9BEB-204B0C9D9ABE}.Release|Any CPU.Build.0 = Release|Any CPU
		{18AC8400-37F4-4473-9BEB-204B0C9D9ABE}.Release|Mixed Platforms.ActiveCfg = Release|Any CPU
		{18AC8400-37F4-4473-9BEB-204B0C9D9ABE}.Release|Mixed Platforms.Build.0 = Release|Any CPU
		{18AC8400-37F4-4473-9BEB-204B0C9D9ABE}.Release|x86.ActiveCfg = Release|Any CPU
		{1F6C3A60-1A3C-4627-A9F3-B71897468E21}.Debug|Any CPU.ActiveCfg = Debug|Any CPU
		{1F6C3A60-1A3C-4627-A9F3-B71897468E21}.Debug|Any CPU.Build.0 = Debug|Any CPU
		{1F6C3A60-1A3C-4627-A9F3-B71897468E21}.Debug|Mixed Platforms.ActiveCfg = Debug|Any CPU
		{1F6C3A60-1A3C-4627-A9F3-B71897468E21}.Debug|Mixed Platforms.Build.0 = Debug|Any CPU
		{1F6C3A60-1A3C-4627-A9F3-B71897468E21}.Debug|x86.ActiveCfg = Debug|Any CPU
		{1F6C3A60-1A3C-4627-A9F3-B71897468E21}.Release|Any CPU.ActiveCfg = Release|Any CPU
		{1F6C3A60-1A3C-4627-A9F3-B71897468E21}.Release|Any CPU.Build.0 = Release|Any CPU
		{1F6C3A60-1A3C-4627-A9F3-B71897468E21}.Release|Mixed Platforms.ActiveCfg = Release|Any CPU
		{1F6C3A60-1A3C-4627-A9F3-B71897468E21}.Release|Mixed Platforms.Build.0 = Release|Any CPU
		{1F6C3A60-1A3C-4627-A9F3-B71897468E21}.Release|x86.ActiveCfg = Release|Any CPU
		{EF5A9D12-B2C4-46E0-B7E9-75868819C4C8}.Debug|Any CPU.ActiveCfg = Debug|Any CPU
		{EF5A9D12-B2C4-46E0-B7E9-75868819C4C8}.Debug|Any CPU.Build.0 = Debug|Any CPU
		{EF5A9D12-B2C4-46E0-B7E9-75868819C4C8}.Debug|Mixed Platforms.ActiveCfg = Debug|Any CPU
		{EF5A9D12-B2C4-46E0-B7E9-75868819C4C8}.Debug|Mixed Platforms.Build.0 = Debug|Any CPU
		{EF5A9D12-B2C4-46E0-B7E9-75868819C4C8}.Debug|x86.ActiveCfg = Debug|Any CPU
		{EF5A9D12-B2C4-46E0-B7E9-75868819C4C8}.Release|Any CPU.ActiveCfg = Release|Any CPU
		{EF5A9D12-B2C4-46E0-B7E9-75868819C4C8}.Release|Any CPU.Build.0 = Release|Any CPU
		{EF5A9D12-B2C4-46E0-B7E9-75868819C4C8}.Release|Mixed Platforms.ActiveCfg = Release|Any CPU
		{EF5A9D12-B2C4-46E0-B7E9-75868819C4C8}.Release|Mixed Platforms.Build.0 = Release|Any CPU
		{EF5A9D12-B2C4-46E0-B7E9-75868819C4C8}.Release|x86.ActiveCfg = Release|Any CPU
		{53900961-4836-42AD-B71E-301A2434596F}.Debug|Any CPU.ActiveCfg = Debug|Any CPU
		{53900961-4836-42AD-B71E-301A2434596F}.Debug|Any CPU.Build.0 = Debug|Any CPU
		{53900961-4836-42AD-B71E-301A2434596F}.Debug|Mixed Platforms.ActiveCfg = Debug|Any CPU
		{53900961-4836-42AD-B71E-301A2434596F}.Debug|Mixed Platforms.Build.0 = Debug|Any CPU
		{53900961-4836-42AD-B71E-301A2434596F}.Debug|x86.ActiveCfg = Debug|Any CPU
		{53900961-4836-42AD-B71E-301A2434596F}.Release|Any CPU.ActiveCfg = Release|Any CPU
		{53900961-4836-42AD-B71E-301A2434596F}.Release|Any CPU.Build.0 = Release|Any CPU
		{53900961-4836-42AD-B71E-301A2434596F}.Release|Mixed Platforms.ActiveCfg = Release|Any CPU
		{53900961-4836-42AD-B71E-301A2434596F}.Release|Mixed Platforms.Build.0 = Release|Any CPU
		{53900961-4836-42AD-B71E-301A2434596F}.Release|x86.ActiveCfg = Release|Any CPU
		{44F71B67-7CBD-41F2-A136-14405E2C9C31}.Debug|Any CPU.ActiveCfg = Debug|Any CPU
		{44F71B67-7CBD-41F2-A136-14405E2C9C31}.Debug|Any CPU.Build.0 = Debug|Any CPU
		{44F71B67-7CBD-41F2-A136-14405E2C9C31}.Debug|Mixed Platforms.ActiveCfg = Debug|Any CPU
		{44F71B67-7CBD-41F2-A136-14405E2C9C31}.Debug|Mixed Platforms.Build.0 = Debug|Any CPU
		{44F71B67-7CBD-41F2-A136-14405E2C9C31}.Debug|x86.ActiveCfg = Debug|Any CPU
		{44F71B67-7CBD-41F2-A136-14405E2C9C31}.Release|Any CPU.ActiveCfg = Release|Any CPU
		{44F71B67-7CBD-41F2-A136-14405E2C9C31}.Release|Any CPU.Build.0 = Release|Any CPU
		{44F71B67-7CBD-41F2-A136-14405E2C9C31}.Release|Mixed Platforms.ActiveCfg = Release|Any CPU
		{44F71B67-7CBD-41F2-A136-14405E2C9C31}.Release|Mixed Platforms.Build.0 = Release|Any CPU
		{44F71B67-7CBD-41F2-A136-14405E2C9C31}.Release|x86.ActiveCfg = Release|Any CPU
		{C2298ED2-F3AA-40E0-8216-9762C09C1F56}.Debug|Any CPU.ActiveCfg = Debug|Any CPU
		{C2298ED2-F3AA-40E0-8216-9762C09C1F56}.Debug|Any CPU.Build.0 = Debug|Any CPU
		{C2298ED2-F3AA-40E0-8216-9762C09C1F56}.Debug|Mixed Platforms.ActiveCfg = Debug|Any CPU
		{C2298ED2-F3AA-40E0-8216-9762C09C1F56}.Debug|Mixed Platforms.Build.0 = Debug|Any CPU
		{C2298ED2-F3AA-40E0-8216-9762C09C1F56}.Debug|x86.ActiveCfg = Debug|Any CPU
		{C2298ED2-F3AA-40E0-8216-9762C09C1F56}.Release|Any CPU.ActiveCfg = Release|Any CPU
		{C2298ED2-F3AA-40E0-8216-9762C09C1F56}.Release|Any CPU.Build.0 = Release|Any CPU
		{C2298ED2-F3AA-40E0-8216-9762C09C1F56}.Release|Mixed Platforms.ActiveCfg = Release|Any CPU
		{C2298ED2-F3AA-40E0-8216-9762C09C1F56}.Release|Mixed Platforms.Build.0 = Release|Any CPU
		{C2298ED2-F3AA-40E0-8216-9762C09C1F56}.Release|x86.ActiveCfg = Release|Any CPU
		{E15369D3-E227-47C0-8273-E336DF1BB519}.Debug|Any CPU.ActiveCfg = Debug|Any CPU
		{E15369D3-E227-47C0-8273-E336DF1BB519}.Debug|Any CPU.Build.0 = Debug|Any CPU
		{E15369D3-E227-47C0-8273-E336DF1BB519}.Debug|Mixed Platforms.ActiveCfg = Debug|Any CPU
		{E15369D3-E227-47C0-8273-E336DF1BB519}.Debug|Mixed Platforms.Build.0 = Debug|Any CPU
		{E15369D3-E227-47C0-8273-E336DF1BB519}.Debug|x86.ActiveCfg = Debug|Any CPU
		{E15369D3-E227-47C0-8273-E336DF1BB519}.Release|Any CPU.ActiveCfg = Release|Any CPU
		{E15369D3-E227-47C0-8273-E336DF1BB519}.Release|Any CPU.Build.0 = Release|Any CPU
		{E15369D3-E227-47C0-8273-E336DF1BB519}.Release|Mixed Platforms.ActiveCfg = Release|Any CPU
		{E15369D3-E227-47C0-8273-E336DF1BB519}.Release|Mixed Platforms.Build.0 = Release|Any CPU
		{E15369D3-E227-47C0-8273-E336DF1BB519}.Release|x86.ActiveCfg = Release|Any CPU
		{EDB3E0D1-A7AD-46EC-9620-13FE3C5A661B}.Debug|Any CPU.ActiveCfg = Debug|Any CPU
		{EDB3E0D1-A7AD-46EC-9620-13FE3C5A661B}.Debug|Any CPU.Build.0 = Debug|Any CPU
		{EDB3E0D1-A7AD-46EC-9620-13FE3C5A661B}.Debug|Mixed Platforms.ActiveCfg = Debug|Any CPU
		{EDB3E0D1-A7AD-46EC-9620-13FE3C5A661B}.Debug|Mixed Platforms.Build.0 = Debug|Any CPU
		{EDB3E0D1-A7AD-46EC-9620-13FE3C5A661B}.Debug|x86.ActiveCfg = Debug|Any CPU
		{EDB3E0D1-A7AD-46EC-9620-13FE3C5A661B}.Release|Any CPU.ActiveCfg = Release|Any CPU
		{EDB3E0D1-A7AD-46EC-9620-13FE3C5A661B}.Release|Any CPU.Build.0 = Release|Any CPU
		{EDB3E0D1-A7AD-46EC-9620-13FE3C5A661B}.Release|Mixed Platforms.ActiveCfg = Release|Any CPU
		{EDB3E0D1-A7AD-46EC-9620-13FE3C5A661B}.Release|Mixed Platforms.Build.0 = Release|Any CPU
		{EDB3E0D1-A7AD-46EC-9620-13FE3C5A661B}.Release|x86.ActiveCfg = Release|Any CPU
		{A6AECD48-8DCB-4B6F-B9DA-66B6CD39D37F}.Debug|Any CPU.ActiveCfg = Debug|Any CPU
		{A6AECD48-8DCB-4B6F-B9DA-66B6CD39D37F}.Debug|Any CPU.Build.0 = Debug|Any CPU
		{A6AECD48-8DCB-4B6F-B9DA-66B6CD39D37F}.Debug|Mixed Platforms.ActiveCfg = Debug|Any CPU
		{A6AECD48-8DCB-4B6F-B9DA-66B6CD39D37F}.Debug|Mixed Platforms.Build.0 = Debug|Any CPU
		{A6AECD48-8DCB-4B6F-B9DA-66B6CD39D37F}.Debug|x86.ActiveCfg = Debug|Any CPU
		{A6AECD48-8DCB-4B6F-B9DA-66B6CD39D37F}.Release|Any CPU.ActiveCfg = Release|Any CPU
		{A6AECD48-8DCB-4B6F-B9DA-66B6CD39D37F}.Release|Any CPU.Build.0 = Release|Any CPU
		{A6AECD48-8DCB-4B6F-B9DA-66B6CD39D37F}.Release|Mixed Platforms.ActiveCfg = Release|Any CPU
		{A6AECD48-8DCB-4B6F-B9DA-66B6CD39D37F}.Release|Mixed Platforms.Build.0 = Release|Any CPU
		{A6AECD48-8DCB-4B6F-B9DA-66B6CD39D37F}.Release|x86.ActiveCfg = Release|Any CPU
		{8DA40355-D458-4EE6-9FD9-E1406C73E5EB}.Debug|Any CPU.ActiveCfg = Debug|Any CPU
		{8DA40355-D458-4EE6-9FD9-E1406C73E5EB}.Debug|Any CPU.Build.0 = Debug|Any CPU
		{8DA40355-D458-4EE6-9FD9-E1406C73E5EB}.Debug|Mixed Platforms.ActiveCfg = Debug|Any CPU
		{8DA40355-D458-4EE6-9FD9-E1406C73E5EB}.Debug|Mixed Platforms.Build.0 = Debug|Any CPU
		{8DA40355-D458-4EE6-9FD9-E1406C73E5EB}.Debug|x86.ActiveCfg = Debug|Any CPU
		{8DA40355-D458-4EE6-9FD9-E1406C73E5EB}.Release|Any CPU.ActiveCfg = Release|Any CPU
		{8DA40355-D458-4EE6-9FD9-E1406C73E5EB}.Release|Any CPU.Build.0 = Release|Any CPU
		{8DA40355-D458-4EE6-9FD9-E1406C73E5EB}.Release|Mixed Platforms.ActiveCfg = Release|Any CPU
		{8DA40355-D458-4EE6-9FD9-E1406C73E5EB}.Release|Mixed Platforms.Build.0 = Release|Any CPU
		{8DA40355-D458-4EE6-9FD9-E1406C73E5EB}.Release|x86.ActiveCfg = Release|Any CPU
		{609956AE-F9B0-489C-AE90-EC9D6068055F}.Debug|Any CPU.ActiveCfg = Debug|Any CPU
		{609956AE-F9B0-489C-AE90-EC9D6068055F}.Debug|Any CPU.Build.0 = Debug|Any CPU
		{609956AE-F9B0-489C-AE90-EC9D6068055F}.Debug|Mixed Platforms.ActiveCfg = Debug|Any CPU
		{609956AE-F9B0-489C-AE90-EC9D6068055F}.Debug|Mixed Platforms.Build.0 = Debug|Any CPU
		{609956AE-F9B0-489C-AE90-EC9D6068055F}.Debug|x86.ActiveCfg = Debug|Any CPU
		{609956AE-F9B0-489C-AE90-EC9D6068055F}.Release|Any CPU.ActiveCfg = Release|Any CPU
		{609956AE-F9B0-489C-AE90-EC9D6068055F}.Release|Any CPU.Build.0 = Release|Any CPU
		{609956AE-F9B0-489C-AE90-EC9D6068055F}.Release|Mixed Platforms.ActiveCfg = Release|Any CPU
		{609956AE-F9B0-489C-AE90-EC9D6068055F}.Release|Mixed Platforms.Build.0 = Release|Any CPU
		{609956AE-F9B0-489C-AE90-EC9D6068055F}.Release|x86.ActiveCfg = Release|Any CPU
		{DD8DFE4B-BF87-4C8A-95A4-EFAA3F6EABD7}.Debug|Any CPU.ActiveCfg = Debug|Any CPU
		{DD8DFE4B-BF87-4C8A-95A4-EFAA3F6EABD7}.Debug|Any CPU.Build.0 = Debug|Any CPU
		{DD8DFE4B-BF87-4C8A-95A4-EFAA3F6EABD7}.Debug|Mixed Platforms.ActiveCfg = Debug|Any CPU
		{DD8DFE4B-BF87-4C8A-95A4-EFAA3F6EABD7}.Debug|Mixed Platforms.Build.0 = Debug|Any CPU
		{DD8DFE4B-BF87-4C8A-95A4-EFAA3F6EABD7}.Debug|x86.ActiveCfg = Debug|Any CPU
		{DD8DFE4B-BF87-4C8A-95A4-EFAA3F6EABD7}.Release|Any CPU.ActiveCfg = Release|Any CPU
		{DD8DFE4B-BF87-4C8A-95A4-EFAA3F6EABD7}.Release|Any CPU.Build.0 = Release|Any CPU
		{DD8DFE4B-BF87-4C8A-95A4-EFAA3F6EABD7}.Release|Mixed Platforms.ActiveCfg = Release|Any CPU
		{DD8DFE4B-BF87-4C8A-95A4-EFAA3F6EABD7}.Release|Mixed Platforms.Build.0 = Release|Any CPU
		{DD8DFE4B-BF87-4C8A-95A4-EFAA3F6EABD7}.Release|x86.ActiveCfg = Release|Any CPU
		{2B0A0CD6-FD57-48F0-A163-F39073981934}.Debug|Any CPU.ActiveCfg = Debug|Any CPU
		{2B0A0CD6-FD57-48F0-A163-F39073981934}.Debug|Any CPU.Build.0 = Debug|Any CPU
		{2B0A0CD6-FD57-48F0-A163-F39073981934}.Debug|Mixed Platforms.ActiveCfg = Debug|Any CPU
		{2B0A0CD6-FD57-48F0-A163-F39073981934}.Debug|Mixed Platforms.Build.0 = Debug|Any CPU
		{2B0A0CD6-FD57-48F0-A163-F39073981934}.Debug|x86.ActiveCfg = Debug|Any CPU
		{2B0A0CD6-FD57-48F0-A163-F39073981934}.Release|Any CPU.ActiveCfg = Release|Any CPU
		{2B0A0CD6-FD57-48F0-A163-F39073981934}.Release|Any CPU.Build.0 = Release|Any CPU
		{2B0A0CD6-FD57-48F0-A163-F39073981934}.Release|Mixed Platforms.ActiveCfg = Release|Any CPU
		{2B0A0CD6-FD57-48F0-A163-F39073981934}.Release|Mixed Platforms.Build.0 = Release|Any CPU
		{2B0A0CD6-FD57-48F0-A163-F39073981934}.Release|x86.ActiveCfg = Release|Any CPU
		{22E06AFA-4B74-45AC-8BF3-1F33F54F0A28}.Debug|Any CPU.ActiveCfg = Debug|x86
		{22E06AFA-4B74-45AC-8BF3-1F33F54F0A28}.Debug|Any CPU.Build.0 = Debug|x86
		{22E06AFA-4B74-45AC-8BF3-1F33F54F0A28}.Debug|Mixed Platforms.ActiveCfg = Debug|x86
		{22E06AFA-4B74-45AC-8BF3-1F33F54F0A28}.Debug|Mixed Platforms.Build.0 = Debug|x86
		{22E06AFA-4B74-45AC-8BF3-1F33F54F0A28}.Debug|x86.ActiveCfg = Debug|x86
		{22E06AFA-4B74-45AC-8BF3-1F33F54F0A28}.Debug|x86.Build.0 = Debug|x86
		{22E06AFA-4B74-45AC-8BF3-1F33F54F0A28}.Release|Any CPU.ActiveCfg = Release|x86
		{22E06AFA-4B74-45AC-8BF3-1F33F54F0A28}.Release|Mixed Platforms.ActiveCfg = Release|x86
		{22E06AFA-4B74-45AC-8BF3-1F33F54F0A28}.Release|Mixed Platforms.Build.0 = Release|x86
		{22E06AFA-4B74-45AC-8BF3-1F33F54F0A28}.Release|x86.ActiveCfg = Release|x86
		{22E06AFA-4B74-45AC-8BF3-1F33F54F0A28}.Release|x86.Build.0 = Release|x86
		{20A70754-FC70-41D7-B395-68777BEF1AC8}.Debug|Any CPU.ActiveCfg = Debug|x86
		{20A70754-FC70-41D7-B395-68777BEF1AC8}.Debug|Any CPU.Build.0 = Debug|x86
		{20A70754-FC70-41D7-B395-68777BEF1AC8}.Debug|Mixed Platforms.ActiveCfg = Debug|x86
		{20A70754-FC70-41D7-B395-68777BEF1AC8}.Debug|Mixed Platforms.Build.0 = Debug|x86
		{20A70754-FC70-41D7-B395-68777BEF1AC8}.Debug|x86.ActiveCfg = Debug|x86
		{20A70754-FC70-41D7-B395-68777BEF1AC8}.Debug|x86.Build.0 = Debug|x86
		{20A70754-FC70-41D7-B395-68777BEF1AC8}.Release|Any CPU.ActiveCfg = Release|x86
		{20A70754-FC70-41D7-B395-68777BEF1AC8}.Release|Mixed Platforms.ActiveCfg = Release|x86
		{20A70754-FC70-41D7-B395-68777BEF1AC8}.Release|Mixed Platforms.Build.0 = Release|x86
		{20A70754-FC70-41D7-B395-68777BEF1AC8}.Release|x86.ActiveCfg = Release|x86
		{20A70754-FC70-41D7-B395-68777BEF1AC8}.Release|x86.Build.0 = Release|x86
		{E67D7FB1-4F68-4B6A-9FD6-F8C2EDC6AFFF}.Debug|Any CPU.ActiveCfg = Debug|Any CPU
		{E67D7FB1-4F68-4B6A-9FD6-F8C2EDC6AFFF}.Debug|Any CPU.Build.0 = Debug|Any CPU
		{E67D7FB1-4F68-4B6A-9FD6-F8C2EDC6AFFF}.Debug|Mixed Platforms.ActiveCfg = Debug|Any CPU
		{E67D7FB1-4F68-4B6A-9FD6-F8C2EDC6AFFF}.Debug|Mixed Platforms.Build.0 = Debug|Any CPU
		{E67D7FB1-4F68-4B6A-9FD6-F8C2EDC6AFFF}.Debug|x86.ActiveCfg = Debug|Any CPU
		{E67D7FB1-4F68-4B6A-9FD6-F8C2EDC6AFFF}.Release|Any CPU.ActiveCfg = Release|Any CPU
		{E67D7FB1-4F68-4B6A-9FD6-F8C2EDC6AFFF}.Release|Any CPU.Build.0 = Release|Any CPU
		{E67D7FB1-4F68-4B6A-9FD6-F8C2EDC6AFFF}.Release|Mixed Platforms.ActiveCfg = Release|Any CPU
		{E67D7FB1-4F68-4B6A-9FD6-F8C2EDC6AFFF}.Release|Mixed Platforms.Build.0 = Release|Any CPU
		{E67D7FB1-4F68-4B6A-9FD6-F8C2EDC6AFFF}.Release|x86.ActiveCfg = Release|Any CPU
		{11D7FC79-9873-4234-BB08-A75E01FD7092}.Debug|Any CPU.ActiveCfg = Debug|Any CPU
		{11D7FC79-9873-4234-BB08-A75E01FD7092}.Debug|Any CPU.Build.0 = Debug|Any CPU
		{11D7FC79-9873-4234-BB08-A75E01FD7092}.Debug|Mixed Platforms.ActiveCfg = Debug|Any CPU
		{11D7FC79-9873-4234-BB08-A75E01FD7092}.Debug|Mixed Platforms.Build.0 = Debug|Any CPU
		{11D7FC79-9873-4234-BB08-A75E01FD7092}.Debug|x86.ActiveCfg = Debug|Any CPU
		{11D7FC79-9873-4234-BB08-A75E01FD7092}.Release|Any CPU.ActiveCfg = Release|Any CPU
		{11D7FC79-9873-4234-BB08-A75E01FD7092}.Release|Any CPU.Build.0 = Release|Any CPU
		{11D7FC79-9873-4234-BB08-A75E01FD7092}.Release|Mixed Platforms.ActiveCfg = Release|Any CPU
		{11D7FC79-9873-4234-BB08-A75E01FD7092}.Release|Mixed Platforms.Build.0 = Release|Any CPU
		{11D7FC79-9873-4234-BB08-A75E01FD7092}.Release|x86.ActiveCfg = Release|Any CPU
		{1B6620DB-87F5-49C5-826E-E59FB9E6496A}.Debug|Any CPU.ActiveCfg = Debug|Any CPU
		{1B6620DB-87F5-49C5-826E-E59FB9E6496A}.Debug|Any CPU.Build.0 = Debug|Any CPU
		{1B6620DB-87F5-49C5-826E-E59FB9E6496A}.Debug|Mixed Platforms.ActiveCfg = Debug|Any CPU
		{1B6620DB-87F5-49C5-826E-E59FB9E6496A}.Debug|Mixed Platforms.Build.0 = Debug|Any CPU
		{1B6620DB-87F5-49C5-826E-E59FB9E6496A}.Debug|x86.ActiveCfg = Debug|Any CPU
		{1B6620DB-87F5-49C5-826E-E59FB9E6496A}.Release|Any CPU.ActiveCfg = Release|Any CPU
		{1B6620DB-87F5-49C5-826E-E59FB9E6496A}.Release|Any CPU.Build.0 = Release|Any CPU
		{1B6620DB-87F5-49C5-826E-E59FB9E6496A}.Release|Mixed Platforms.ActiveCfg = Release|Any CPU
		{1B6620DB-87F5-49C5-826E-E59FB9E6496A}.Release|Mixed Platforms.Build.0 = Release|Any CPU
		{1B6620DB-87F5-49C5-826E-E59FB9E6496A}.Release|x86.ActiveCfg = Release|Any CPU
		{1F5FE9E8-912A-4582-A713-49191F06D0BA}.Debug|Any CPU.ActiveCfg = Debug|x86
		{1F5FE9E8-912A-4582-A713-49191F06D0BA}.Debug|Any CPU.Build.0 = Debug|x86
		{1F5FE9E8-912A-4582-A713-49191F06D0BA}.Debug|Mixed Platforms.ActiveCfg = Debug|x86
		{1F5FE9E8-912A-4582-A713-49191F06D0BA}.Debug|Mixed Platforms.Build.0 = Debug|x86
		{1F5FE9E8-912A-4582-A713-49191F06D0BA}.Debug|x86.ActiveCfg = Debug|x86
		{1F5FE9E8-912A-4582-A713-49191F06D0BA}.Debug|x86.Build.0 = Debug|x86
		{1F5FE9E8-912A-4582-A713-49191F06D0BA}.Release|Any CPU.ActiveCfg = Release|x86
		{1F5FE9E8-912A-4582-A713-49191F06D0BA}.Release|Any CPU.Build.0 = Release|x86
		{1F5FE9E8-912A-4582-A713-49191F06D0BA}.Release|Mixed Platforms.ActiveCfg = Release|x86
		{1F5FE9E8-912A-4582-A713-49191F06D0BA}.Release|Mixed Platforms.Build.0 = Release|x86
		{1F5FE9E8-912A-4582-A713-49191F06D0BA}.Release|x86.ActiveCfg = Release|x86
		{1F5FE9E8-912A-4582-A713-49191F06D0BA}.Release|x86.Build.0 = Release|x86
		{2030A35E-912F-439B-8808-AEA5025F0DB7}.Debug|Any CPU.ActiveCfg = Debug|x86
		{2030A35E-912F-439B-8808-AEA5025F0DB7}.Debug|Any CPU.Build.0 = Debug|x86
		{2030A35E-912F-439B-8808-AEA5025F0DB7}.Debug|Mixed Platforms.ActiveCfg = Debug|x86
		{2030A35E-912F-439B-8808-AEA5025F0DB7}.Debug|Mixed Platforms.Build.0 = Debug|x86
		{2030A35E-912F-439B-8808-AEA5025F0DB7}.Debug|x86.ActiveCfg = Debug|x86
		{2030A35E-912F-439B-8808-AEA5025F0DB7}.Debug|x86.Build.0 = Debug|x86
		{2030A35E-912F-439B-8808-AEA5025F0DB7}.Release|Any CPU.ActiveCfg = Release|x86
		{2030A35E-912F-439B-8808-AEA5025F0DB7}.Release|Any CPU.Build.0 = Release|x86
		{2030A35E-912F-439B-8808-AEA5025F0DB7}.Release|Mixed Platforms.ActiveCfg = Release|x86
		{2030A35E-912F-439B-8808-AEA5025F0DB7}.Release|Mixed Platforms.Build.0 = Release|x86
		{2030A35E-912F-439B-8808-AEA5025F0DB7}.Release|x86.ActiveCfg = Release|x86
		{2030A35E-912F-439B-8808-AEA5025F0DB7}.Release|x86.Build.0 = Release|x86
		{85BA7B52-3192-4D00-9A81-4D287B6FA045}.Debug|Any CPU.ActiveCfg = Debug|Any CPU
		{85BA7B52-3192-4D00-9A81-4D287B6FA045}.Debug|Any CPU.Build.0 = Debug|Any CPU
		{85BA7B52-3192-4D00-9A81-4D287B6FA045}.Debug|Mixed Platforms.ActiveCfg = Debug|Any CPU
		{85BA7B52-3192-4D00-9A81-4D287B6FA045}.Debug|Mixed Platforms.Build.0 = Debug|Any CPU
		{85BA7B52-3192-4D00-9A81-4D287B6FA045}.Debug|x86.ActiveCfg = Debug|Any CPU
		{85BA7B52-3192-4D00-9A81-4D287B6FA045}.Release|Any CPU.ActiveCfg = Release|Any CPU
		{85BA7B52-3192-4D00-9A81-4D287B6FA045}.Release|Any CPU.Build.0 = Release|Any CPU
		{85BA7B52-3192-4D00-9A81-4D287B6FA045}.Release|Mixed Platforms.ActiveCfg = Release|Any CPU
		{85BA7B52-3192-4D00-9A81-4D287B6FA045}.Release|Mixed Platforms.Build.0 = Release|Any CPU
		{85BA7B52-3192-4D00-9A81-4D287B6FA045}.Release|x86.ActiveCfg = Release|Any CPU
		{BE28955D-72A3-4692-8856-582750F0A8EF}.Debug|Any CPU.ActiveCfg = Debug|Any CPU
		{BE28955D-72A3-4692-8856-582750F0A8EF}.Debug|Any CPU.Build.0 = Debug|Any CPU
		{BE28955D-72A3-4692-8856-582750F0A8EF}.Debug|Mixed Platforms.ActiveCfg = Debug|Any CPU
		{BE28955D-72A3-4692-8856-582750F0A8EF}.Debug|Mixed Platforms.Build.0 = Debug|Any CPU
		{BE28955D-72A3-4692-8856-582750F0A8EF}.Debug|x86.ActiveCfg = Debug|Any CPU
		{BE28955D-72A3-4692-8856-582750F0A8EF}.Release|Any CPU.ActiveCfg = Release|Any CPU
		{BE28955D-72A3-4692-8856-582750F0A8EF}.Release|Any CPU.Build.0 = Release|Any CPU
		{BE28955D-72A3-4692-8856-582750F0A8EF}.Release|Mixed Platforms.ActiveCfg = Release|Any CPU
		{BE28955D-72A3-4692-8856-582750F0A8EF}.Release|Mixed Platforms.Build.0 = Release|Any CPU
		{BE28955D-72A3-4692-8856-582750F0A8EF}.Release|x86.ActiveCfg = Release|Any CPU
		{97201BBC-900F-4416-8CEC-34C94F57E76B}.Debug|Any CPU.ActiveCfg = Debug|Any CPU
		{97201BBC-900F-4416-8CEC-34C94F57E76B}.Debug|Any CPU.Build.0 = Debug|Any CPU
		{97201BBC-900F-4416-8CEC-34C94F57E76B}.Debug|Mixed Platforms.ActiveCfg = Debug|Any CPU
		{97201BBC-900F-4416-8CEC-34C94F57E76B}.Debug|Mixed Platforms.Build.0 = Debug|Any CPU
		{97201BBC-900F-4416-8CEC-34C94F57E76B}.Debug|x86.ActiveCfg = Debug|Any CPU
		{97201BBC-900F-4416-8CEC-34C94F57E76B}.Release|Any CPU.ActiveCfg = Release|Any CPU
		{97201BBC-900F-4416-8CEC-34C94F57E76B}.Release|Any CPU.Build.0 = Release|Any CPU
		{97201BBC-900F-4416-8CEC-34C94F57E76B}.Release|Mixed Platforms.ActiveCfg = Release|Any CPU
		{97201BBC-900F-4416-8CEC-34C94F57E76B}.Release|Mixed Platforms.Build.0 = Release|Any CPU
		{97201BBC-900F-4416-8CEC-34C94F57E76B}.Release|x86.ActiveCfg = Release|Any CPU
		{AB2AF8C8-4641-4291-81F6-5EE4BBAFB59E}.Debug|Any CPU.ActiveCfg = Debug|Any CPU
		{AB2AF8C8-4641-4291-81F6-5EE4BBAFB59E}.Debug|Any CPU.Build.0 = Debug|Any CPU
		{AB2AF8C8-4641-4291-81F6-5EE4BBAFB59E}.Debug|Mixed Platforms.ActiveCfg = Debug|Any CPU
		{AB2AF8C8-4641-4291-81F6-5EE4BBAFB59E}.Debug|Mixed Platforms.Build.0 = Debug|Any CPU
		{AB2AF8C8-4641-4291-81F6-5EE4BBAFB59E}.Debug|x86.ActiveCfg = Debug|Any CPU
		{AB2AF8C8-4641-4291-81F6-5EE4BBAFB59E}.Release|Any CPU.ActiveCfg = Release|Any CPU
		{AB2AF8C8-4641-4291-81F6-5EE4BBAFB59E}.Release|Any CPU.Build.0 = Release|Any CPU
		{AB2AF8C8-4641-4291-81F6-5EE4BBAFB59E}.Release|Mixed Platforms.ActiveCfg = Release|Any CPU
		{AB2AF8C8-4641-4291-81F6-5EE4BBAFB59E}.Release|Mixed Platforms.Build.0 = Release|Any CPU
		{AB2AF8C8-4641-4291-81F6-5EE4BBAFB59E}.Release|x86.ActiveCfg = Release|Any CPU
		{F6C9FD33-9A6C-4C5F-A6F0-BB9D4563D09F}.Debug|Any CPU.ActiveCfg = Debug|Any CPU
		{F6C9FD33-9A6C-4C5F-A6F0-BB9D4563D09F}.Debug|Any CPU.Build.0 = Debug|Any CPU
		{F6C9FD33-9A6C-4C5F-A6F0-BB9D4563D09F}.Debug|Mixed Platforms.ActiveCfg = Debug|Any CPU
		{F6C9FD33-9A6C-4C5F-A6F0-BB9D4563D09F}.Debug|Mixed Platforms.Build.0 = Debug|Any CPU
		{F6C9FD33-9A6C-4C5F-A6F0-BB9D4563D09F}.Debug|x86.ActiveCfg = Debug|Any CPU
		{F6C9FD33-9A6C-4C5F-A6F0-BB9D4563D09F}.Release|Any CPU.ActiveCfg = Release|Any CPU
		{F6C9FD33-9A6C-4C5F-A6F0-BB9D4563D09F}.Release|Any CPU.Build.0 = Release|Any CPU
		{F6C9FD33-9A6C-4C5F-A6F0-BB9D4563D09F}.Release|Mixed Platforms.ActiveCfg = Release|Any CPU
		{F6C9FD33-9A6C-4C5F-A6F0-BB9D4563D09F}.Release|Mixed Platforms.Build.0 = Release|Any CPU
		{F6C9FD33-9A6C-4C5F-A6F0-BB9D4563D09F}.Release|x86.ActiveCfg = Release|Any CPU
	EndGlobalSection
	GlobalSection(SolutionProperties) = preSolution
		HideSolutionNode = FALSE
	EndGlobalSection
	GlobalSection(NestedProjects) = preSolution
		{6B0366F8-104B-4B8B-A38C-F03BC6504B90} = {795BD409-5B1D-47E3-BC98-1ABFECB7D046}
		{A3991F62-5131-4901-AE6D-4F027BD6EFF0} = {6B0366F8-104B-4B8B-A38C-F03BC6504B90}
		{223E9D5F-91DD-4920-9F66-2355ACA86F8B} = {6B0366F8-104B-4B8B-A38C-F03BC6504B90}
		{7BE8A034-FCB4-4E95-A70A-7E260ECC41D9} = {6B0366F8-104B-4B8B-A38C-F03BC6504B90}
		{B3D7575D-70C2-46B4-98CE-6E262FB558B0} = {6B0366F8-104B-4B8B-A38C-F03BC6504B90}
		{CEE03019-DE60-4DBA-9784-6BCBCE3E2665} = {6B0366F8-104B-4B8B-A38C-F03BC6504B90}
		{1F6C3A60-1A3C-4627-A9F3-B71897468E21} = {0DC7A9CF-DB4C-47D3-95C2-51FEEA924FB0}
		{EF5A9D12-B2C4-46E0-B7E9-75868819C4C8} = {0DC7A9CF-DB4C-47D3-95C2-51FEEA924FB0}
		{11D7FC79-9873-4234-BB08-A75E01FD7092} = {0DC7A9CF-DB4C-47D3-95C2-51FEEA924FB0}
		{1B6620DB-87F5-49C5-826E-E59FB9E6496A} = {0DC7A9CF-DB4C-47D3-95C2-51FEEA924FB0}
		{10C9F747-ABB7-4548-B5E4-25449736D7F0} = {7658FD92-7978-4772-A530-CAD32A656DC0}
		{24940CF6-1C5F-4E26-97F0-019F5A3A53CF} = {7658FD92-7978-4772-A530-CAD32A656DC0}
		{A7F38696-7175-4258-B853-BAF3EC649A4E} = {7658FD92-7978-4772-A530-CAD32A656DC0}
		{F311E519-E8C4-4C82-831B-14EFDD72F542} = {7658FD92-7978-4772-A530-CAD32A656DC0}
		{53900961-4836-42AD-B71E-301A2434596F} = {10C9F747-ABB7-4548-B5E4-25449736D7F0}
		{EDB3E0D1-A7AD-46EC-9620-13FE3C5A661B} = {10C9F747-ABB7-4548-B5E4-25449736D7F0}
		{44F71B67-7CBD-41F2-A136-14405E2C9C31} = {24940CF6-1C5F-4E26-97F0-019F5A3A53CF}
		{C2298ED2-F3AA-40E0-8216-9762C09C1F56} = {24940CF6-1C5F-4E26-97F0-019F5A3A53CF}
		{E15369D3-E227-47C0-8273-E336DF1BB519} = {24940CF6-1C5F-4E26-97F0-019F5A3A53CF}
		{A6AECD48-8DCB-4B6F-B9DA-66B6CD39D37F} = {24940CF6-1C5F-4E26-97F0-019F5A3A53CF}
		{8DA40355-D458-4EE6-9FD9-E1406C73E5EB} = {A7F38696-7175-4258-B853-BAF3EC649A4E}
		{609956AE-F9B0-489C-AE90-EC9D6068055F} = {A7F38696-7175-4258-B853-BAF3EC649A4E}
		{DD8DFE4B-BF87-4C8A-95A4-EFAA3F6EABD7} = {A7F38696-7175-4258-B853-BAF3EC649A4E}
		{2B0A0CD6-FD57-48F0-A163-F39073981934} = {A7F38696-7175-4258-B853-BAF3EC649A4E}
		{CF8312A2-4569-4BF7-812A-A84ED9CBCDD3} = {223E9D5F-91DD-4920-9F66-2355ACA86F8B}
		{F57CD6F9-607D-4A0F-9E59-5DA478D6E405} = {223E9D5F-91DD-4920-9F66-2355ACA86F8B}
		{6DB81550-DFDC-4701-A687-C2517D6533C2} = {223E9D5F-91DD-4920-9F66-2355ACA86F8B}
		{B6E2706F-EBED-4FEA-B048-E8E0C9FD6D30} = {223E9D5F-91DD-4920-9F66-2355ACA86F8B}
		{20A70754-FC70-41D7-B395-68777BEF1AC8} = {F311E519-E8C4-4C82-831B-14EFDD72F542}
		{22E06AFA-4B74-45AC-8BF3-1F33F54F0A28} = {F311E519-E8C4-4C82-831B-14EFDD72F542}
		{E67D7FB1-4F68-4B6A-9FD6-F8C2EDC6AFFF} = {F311E519-E8C4-4C82-831B-14EFDD72F542}
		{1F5FE9E8-912A-4582-A713-49191F06D0BA} = {11700600-3F50-484A-AFF5-9A6FF09D155B}
		{86848038-102B-421B-A3FC-FC1816AF4C6E} = {11700600-3F50-484A-AFF5-9A6FF09D155B}
		{2030A35E-912F-439B-8808-AEA5025F0DB7} = {11700600-3F50-484A-AFF5-9A6FF09D155B}
		{85BA7B52-3192-4D00-9A81-4D287B6FA045} = {86848038-102B-421B-A3FC-FC1816AF4C6E}
		{BE28955D-72A3-4692-8856-582750F0A8EF} = {86848038-102B-421B-A3FC-FC1816AF4C6E}
		{97201BBC-900F-4416-8CEC-34C94F57E76B} = {86848038-102B-421B-A3FC-FC1816AF4C6E}
		{AB2AF8C8-4641-4291-81F6-5EE4BBAFB59E} = {86848038-102B-421B-A3FC-FC1816AF4C6E}
		{F6C9FD33-9A6C-4C5F-A6F0-BB9D4563D09F} = {86848038-102B-421B-A3FC-FC1816AF4C6E}
	EndGlobalSection
EndGlobal
