
Microsoft Visual Studio Solution File, Format Version 10.00
# Visual Studio 2008
Project("{FAE04EC0-301F-11D3-BF4B-00C04F79EFBC}") = "TestsShared", "TestsShared\TestsShared.csproj", "{568F24F9-9ED8-4D0B-931C-8506E3A4808C}"
EndProject
Project("{FAE04EC0-301F-11D3-BF4B-00C04F79EFBC}") = "Nomad", "Nomad\Nomad.csproj", "{3828EBBD-FFBA-4C30-BF46-D3742BC165F1}"
EndProject
Project("{FAE04EC0-301F-11D3-BF4B-00C04F79EFBC}") = "Nomad.Tests", "Nomad.Tests\Nomad.Tests.csproj", "{18AC8400-37F4-4473-9BEB-204B0C9D9ABE}"
EndProject
Project("{2150E333-8FDC-42A3-9474-1A3956D46DE8}") = "TestsData", "TestsData", "{795BD409-5B1D-47E3-BC98-1ABFECB7D046}"
EndProject
Project("{2150E333-8FDC-42A3-9474-1A3956D46DE8}") = "Functional Data", "Functional Data", "{6B0366F8-104B-4B8B-A38C-F03BC6504B90}"
EndProject
Project("{2150E333-8FDC-42A3-9474-1A3956D46DE8}") = "Modules", "Modules", "{A3991F62-5131-4901-AE6D-4F027BD6EFF0}"
	ProjectSection(SolutionItems) = preProject
		Nomad.Tests\FunctionalTests\Data\ModuleWithConstructorDependency.cs = Nomad.Tests\FunctionalTests\Data\ModuleWithConstructorDependency.cs
		Nomad.Tests\FunctionalTests\Data\ModuleWithPropertyDependency.cs = Nomad.Tests\FunctionalTests\Data\ModuleWithPropertyDependency.cs
		Nomad.Tests\FunctionalTests\Data\RegistringServiceModule.cs = Nomad.Tests\FunctionalTests\Data\RegistringServiceModule.cs
		Nomad.Tests\FunctionalTests\Data\ResolvingServiceModule.cs = Nomad.Tests\FunctionalTests\Data\ResolvingServiceModule.cs
		Nomad.Tests\FunctionalTests\Data\SimplestModulePossible1.cs = Nomad.Tests\FunctionalTests\Data\SimplestModulePossible1.cs
		Nomad.Tests\FunctionalTests\Data\SimplestModulePossible2.cs = Nomad.Tests\FunctionalTests\Data\SimplestModulePossible2.cs
	EndProjectSection
EndProject
Project("{FAE04EC0-301F-11D3-BF4B-00C04F79EFBC}") = "Nomad.KeysGenerator", "Nomad.KeysGenerator\Nomad.KeysGenerator.csproj", "{1F6C3A60-1A3C-4627-A9F3-B71897468E21}"
EndProject
Project("{FAE04EC0-301F-11D3-BF4B-00C04F79EFBC}") = "Nomad.ManifestCreator", "Nomad.ManifestCreator\Nomad.ManifestCreator.csproj", "{EF5A9D12-B2C4-46E0-B7E9-75868819C4C8}"
EndProject
Project("{2150E333-8FDC-42A3-9474-1A3956D46DE8}") = "Utils", "Utils", "{0DC7A9CF-DB4C-47D3-95C2-51FEEA924FB0}"
EndProject
Project("{2150E333-8FDC-42A3-9474-1A3956D46DE8}") = "Tutorials", "Tutorials", "{7658FD92-7978-4772-A530-CAD32A656DC0}"
EndProject
Project("{2150E333-8FDC-42A3-9474-1A3956D46DE8}") = "Tutorial_01_LoadingUnloading_Modules", "Tutorial_01_LoadingUnloading_Modules", "{10C9F747-ABB7-4548-B5E4-25449736D7F0}"
EndProject
Project("{2150E333-8FDC-42A3-9474-1A3956D46DE8}") = "Tutorial_02_ServiceLocator", "Tutorial_02_ServiceLocator", "{24940CF6-1C5F-4E26-97F0-019F5A3A53CF}"
EndProject
Project("{FAE04EC0-301F-11D3-BF4B-00C04F79EFBC}") = "Example_Module", "Nomad.Tutorials\Example_Module\Example_Module.csproj", "{53900961-4836-42AD-B71E-301A2434596F}"
EndProject
Project("{FAE04EC0-301F-11D3-BF4B-00C04F79EFBC}") = "Registering_within_ServiceLocator_Module", "Nomad.Tutorials\Registering_within_ServiceLocator_Module\Registering_within_ServiceLocator_Module.csproj", "{44F71B67-7CBD-41F2-A136-14405E2C9C31}"
EndProject
Project("{FAE04EC0-301F-11D3-BF4B-00C04F79EFBC}") = "ServiceLocator_dependent_Module", "Nomad.Tutorials\ServiceLocator_dependent_Module\ServiceLocator_dependent_Module.csproj", "{C2298ED2-F3AA-40E0-8216-9762C09C1F56}"
EndProject
Project("{FAE04EC0-301F-11D3-BF4B-00C04F79EFBC}") = "SimpleCommunicationServiceInterface", "Nomad.Tutorials\SimpleCommunicationServiceInterface\SimpleCommunicationServiceInterface.csproj", "{E15369D3-E227-47C0-8273-E336DF1BB519}"
EndProject
Project("{FAE04EC0-301F-11D3-BF4B-00C04F79EFBC}") = "Nomad.ModulesRepository", "Nomad.ModulesRepository\Nomad.ModulesRepository.csproj", "{69CE733D-8F4E-4183-B5C9-4A6B1B42B843}"
EndProject
Project("{FAE04EC0-301F-11D3-BF4B-00C04F79EFBC}") = "Nomad.Updater", "Nomad.Updater\Nomad.Updater.csproj", "{072A3DCA-2D0F-42D7-A02F-02498B7791FB}"
EndProject
Project("{2150E333-8FDC-42A3-9474-1A3956D46DE8}") = "Tutorial_03_EventAggretor", "Tutorial_03_EventAggretor", "{A7F38696-7175-4258-B853-BAF3EC649A4E}"
EndProject
Project("{FAE04EC0-301F-11D3-BF4B-00C04F79EFBC}") = "Loading_Unloading_Modules_Host_Application", "Nomad.Tutorials\Loading_Unloading_Modules_Host_Application\Loading_Unloading_Modules_Host_Application.csproj", "{EDB3E0D1-A7AD-46EC-9620-13FE3C5A661B}"
EndProject
Project("{FAE04EC0-301F-11D3-BF4B-00C04F79EFBC}") = "ServiceLocator_Host_Application", "Nomad.Tutorials\ServiceLocator_Host_Application\ServiceLocator_Host_Application.csproj", "{A6AECD48-8DCB-4B6F-B9DA-66B6CD39D37F}"
EndProject
Project("{FAE04EC0-301F-11D3-BF4B-00C04F79EFBC}") = "EventAggregator_Host_Application", "Nomad.Tutorials\EventAggregator_Host_Application\EventAggregator_Host_Application.csproj", "{8DA40355-D458-4EE6-9FD9-E1406C73E5EB}"
EndProject
Project("{FAE04EC0-301F-11D3-BF4B-00C04F79EFBC}") = "Controlling_Publisher_Module", "Nomad.Tutorials\Controlling_Publisher_Module\Controlling_Publisher_Module.csproj", "{609956AE-F9B0-489C-AE90-EC9D6068055F}"
EndProject
Project("{FAE04EC0-301F-11D3-BF4B-00C04F79EFBC}") = "Simple_Publisher_Module", "Nomad.Tutorials\Simple_Publisher_Module\Simple_Publisher_Module.csproj", "{DD8DFE4B-BF87-4C8A-95A4-EFAA3F6EABD7}"
EndProject
Global
	GlobalSection(SolutionConfigurationPlatforms) = preSolution
		Debug|Any CPU = Debug|Any CPU
		Release|Any CPU = Release|Any CPU
	EndGlobalSection
	GlobalSection(ProjectConfigurationPlatforms) = postSolution
		{568F24F9-9ED8-4D0B-931C-8506E3A4808C}.Debug|Any CPU.ActiveCfg = Debug|Any CPU
		{568F24F9-9ED8-4D0B-931C-8506E3A4808C}.Debug|Any CPU.Build.0 = Debug|Any CPU
		{568F24F9-9ED8-4D0B-931C-8506E3A4808C}.Release|Any CPU.ActiveCfg = Release|Any CPU
		{568F24F9-9ED8-4D0B-931C-8506E3A4808C}.Release|Any CPU.Build.0 = Release|Any CPU
		{3828EBBD-FFBA-4C30-BF46-D3742BC165F1}.Debug|Any CPU.ActiveCfg = Debug|Any CPU
		{3828EBBD-FFBA-4C30-BF46-D3742BC165F1}.Debug|Any CPU.Build.0 = Debug|Any CPU
		{3828EBBD-FFBA-4C30-BF46-D3742BC165F1}.Release|Any CPU.ActiveCfg = Release|Any CPU
		{3828EBBD-FFBA-4C30-BF46-D3742BC165F1}.Release|Any CPU.Build.0 = Release|Any CPU
		{18AC8400-37F4-4473-9BEB-204B0C9D9ABE}.Debug|Any CPU.ActiveCfg = Debug|Any CPU
		{18AC8400-37F4-4473-9BEB-204B0C9D9ABE}.Debug|Any CPU.Build.0 = Debug|Any CPU
		{18AC8400-37F4-4473-9BEB-204B0C9D9ABE}.Release|Any CPU.ActiveCfg = Release|Any CPU
		{18AC8400-37F4-4473-9BEB-204B0C9D9ABE}.Release|Any CPU.Build.0 = Release|Any CPU
		{1F6C3A60-1A3C-4627-A9F3-B71897468E21}.Debug|Any CPU.ActiveCfg = Debug|Any CPU
		{1F6C3A60-1A3C-4627-A9F3-B71897468E21}.Debug|Any CPU.Build.0 = Debug|Any CPU
		{1F6C3A60-1A3C-4627-A9F3-B71897468E21}.Release|Any CPU.ActiveCfg = Release|Any CPU
		{1F6C3A60-1A3C-4627-A9F3-B71897468E21}.Release|Any CPU.Build.0 = Release|Any CPU
		{EF5A9D12-B2C4-46E0-B7E9-75868819C4C8}.Debug|Any CPU.ActiveCfg = Debug|Any CPU
		{EF5A9D12-B2C4-46E0-B7E9-75868819C4C8}.Debug|Any CPU.Build.0 = Debug|Any CPU
		{EF5A9D12-B2C4-46E0-B7E9-75868819C4C8}.Release|Any CPU.ActiveCfg = Release|Any CPU
		{EF5A9D12-B2C4-46E0-B7E9-75868819C4C8}.Release|Any CPU.Build.0 = Release|Any CPU
		{53900961-4836-42AD-B71E-301A2434596F}.Debug|Any CPU.ActiveCfg = Debug|Any CPU
		{53900961-4836-42AD-B71E-301A2434596F}.Debug|Any CPU.Build.0 = Debug|Any CPU
		{53900961-4836-42AD-B71E-301A2434596F}.Release|Any CPU.ActiveCfg = Release|Any CPU
		{53900961-4836-42AD-B71E-301A2434596F}.Release|Any CPU.Build.0 = Release|Any CPU
		{44F71B67-7CBD-41F2-A136-14405E2C9C31}.Debug|Any CPU.ActiveCfg = Debug|Any CPU
		{44F71B67-7CBD-41F2-A136-14405E2C9C31}.Debug|Any CPU.Build.0 = Debug|Any CPU
		{44F71B67-7CBD-41F2-A136-14405E2C9C31}.Release|Any CPU.ActiveCfg = Release|Any CPU
		{44F71B67-7CBD-41F2-A136-14405E2C9C31}.Release|Any CPU.Build.0 = Release|Any CPU
		{C2298ED2-F3AA-40E0-8216-9762C09C1F56}.Debug|Any CPU.ActiveCfg = Debug|Any CPU
		{C2298ED2-F3AA-40E0-8216-9762C09C1F56}.Debug|Any CPU.Build.0 = Debug|Any CPU
		{C2298ED2-F3AA-40E0-8216-9762C09C1F56}.Release|Any CPU.ActiveCfg = Release|Any CPU
		{C2298ED2-F3AA-40E0-8216-9762C09C1F56}.Release|Any CPU.Build.0 = Release|Any CPU
		{E15369D3-E227-47C0-8273-E336DF1BB519}.Debug|Any CPU.ActiveCfg = Debug|Any CPU
		{E15369D3-E227-47C0-8273-E336DF1BB519}.Debug|Any CPU.Build.0 = Debug|Any CPU
		{E15369D3-E227-47C0-8273-E336DF1BB519}.Release|Any CPU.ActiveCfg = Release|Any CPU
		{E15369D3-E227-47C0-8273-E336DF1BB519}.Release|Any CPU.Build.0 = Release|Any CPU
		{69CE733D-8F4E-4183-B5C9-4A6B1B42B843}.Debug|Any CPU.ActiveCfg = Debug|Any CPU
		{69CE733D-8F4E-4183-B5C9-4A6B1B42B843}.Debug|Any CPU.Build.0 = Debug|Any CPU
		{69CE733D-8F4E-4183-B5C9-4A6B1B42B843}.Release|Any CPU.ActiveCfg = Release|Any CPU
		{69CE733D-8F4E-4183-B5C9-4A6B1B42B843}.Release|Any CPU.Build.0 = Release|Any CPU
		{072A3DCA-2D0F-42D7-A02F-02498B7791FB}.Debug|Any CPU.ActiveCfg = Debug|Any CPU
		{072A3DCA-2D0F-42D7-A02F-02498B7791FB}.Debug|Any CPU.Build.0 = Debug|Any CPU
		{072A3DCA-2D0F-42D7-A02F-02498B7791FB}.Release|Any CPU.ActiveCfg = Release|Any CPU
		{072A3DCA-2D0F-42D7-A02F-02498B7791FB}.Release|Any CPU.Build.0 = Release|Any CPU
		{EDB3E0D1-A7AD-46EC-9620-13FE3C5A661B}.Debug|Any CPU.ActiveCfg = Debug|Any CPU
		{EDB3E0D1-A7AD-46EC-9620-13FE3C5A661B}.Debug|Any CPU.Build.0 = Debug|Any CPU
		{EDB3E0D1-A7AD-46EC-9620-13FE3C5A661B}.Release|Any CPU.ActiveCfg = Release|Any CPU
		{EDB3E0D1-A7AD-46EC-9620-13FE3C5A661B}.Release|Any CPU.Build.0 = Release|Any CPU
		{A6AECD48-8DCB-4B6F-B9DA-66B6CD39D37F}.Debug|Any CPU.ActiveCfg = Debug|Any CPU
		{A6AECD48-8DCB-4B6F-B9DA-66B6CD39D37F}.Debug|Any CPU.Build.0 = Debug|Any CPU
		{A6AECD48-8DCB-4B6F-B9DA-66B6CD39D37F}.Release|Any CPU.ActiveCfg = Release|Any CPU
		{A6AECD48-8DCB-4B6F-B9DA-66B6CD39D37F}.Release|Any CPU.Build.0 = Release|Any CPU
		{8DA40355-D458-4EE6-9FD9-E1406C73E5EB}.Debug|Any CPU.ActiveCfg = Debug|Any CPU
		{8DA40355-D458-4EE6-9FD9-E1406C73E5EB}.Debug|Any CPU.Build.0 = Debug|Any CPU
		{8DA40355-D458-4EE6-9FD9-E1406C73E5EB}.Release|Any CPU.ActiveCfg = Release|Any CPU
		{8DA40355-D458-4EE6-9FD9-E1406C73E5EB}.Release|Any CPU.Build.0 = Release|Any CPU
		{609956AE-F9B0-489C-AE90-EC9D6068055F}.Debug|Any CPU.ActiveCfg = Debug|Any CPU
		{609956AE-F9B0-489C-AE90-EC9D6068055F}.Debug|Any CPU.Build.0 = Debug|Any CPU
		{609956AE-F9B0-489C-AE90-EC9D6068055F}.Release|Any CPU.ActiveCfg = Release|Any CPU
		{609956AE-F9B0-489C-AE90-EC9D6068055F}.Release|Any CPU.Build.0 = Release|Any CPU
		{DD8DFE4B-BF87-4C8A-95A4-EFAA3F6EABD7}.Debug|Any CPU.ActiveCfg = Debug|Any CPU
		{DD8DFE4B-BF87-4C8A-95A4-EFAA3F6EABD7}.Debug|Any CPU.Build.0 = Debug|Any CPU
		{DD8DFE4B-BF87-4C8A-95A4-EFAA3F6EABD7}.Release|Any CPU.ActiveCfg = Release|Any CPU
		{DD8DFE4B-BF87-4C8A-95A4-EFAA3F6EABD7}.Release|Any CPU.Build.0 = Release|Any CPU
	EndGlobalSection
	GlobalSection(SolutionProperties) = preSolution
		HideSolutionNode = FALSE
	EndGlobalSection
	GlobalSection(NestedProjects) = preSolution
		{6B0366F8-104B-4B8B-A38C-F03BC6504B90} = {795BD409-5B1D-47E3-BC98-1ABFECB7D046}
		{A3991F62-5131-4901-AE6D-4F027BD6EFF0} = {6B0366F8-104B-4B8B-A38C-F03BC6504B90}
		{EF5A9D12-B2C4-46E0-B7E9-75868819C4C8} = {0DC7A9CF-DB4C-47D3-95C2-51FEEA924FB0}
		{1F6C3A60-1A3C-4627-A9F3-B71897468E21} = {0DC7A9CF-DB4C-47D3-95C2-51FEEA924FB0}
		{69CE733D-8F4E-4183-B5C9-4A6B1B42B843} = {0DC7A9CF-DB4C-47D3-95C2-51FEEA924FB0}
		{072A3DCA-2D0F-42D7-A02F-02498B7791FB} = {0DC7A9CF-DB4C-47D3-95C2-51FEEA924FB0}
		{10C9F747-ABB7-4548-B5E4-25449736D7F0} = {7658FD92-7978-4772-A530-CAD32A656DC0}
		{24940CF6-1C5F-4E26-97F0-019F5A3A53CF} = {7658FD92-7978-4772-A530-CAD32A656DC0}
		{A7F38696-7175-4258-B853-BAF3EC649A4E} = {7658FD92-7978-4772-A530-CAD32A656DC0}
		{53900961-4836-42AD-B71E-301A2434596F} = {10C9F747-ABB7-4548-B5E4-25449736D7F0}
		{EDB3E0D1-A7AD-46EC-9620-13FE3C5A661B} = {10C9F747-ABB7-4548-B5E4-25449736D7F0}
		{44F71B67-7CBD-41F2-A136-14405E2C9C31} = {24940CF6-1C5F-4E26-97F0-019F5A3A53CF}
		{C2298ED2-F3AA-40E0-8216-9762C09C1F56} = {24940CF6-1C5F-4E26-97F0-019F5A3A53CF}
		{E15369D3-E227-47C0-8273-E336DF1BB519} = {24940CF6-1C5F-4E26-97F0-019F5A3A53CF}
		{A6AECD48-8DCB-4B6F-B9DA-66B6CD39D37F} = {24940CF6-1C5F-4E26-97F0-019F5A3A53CF}
		{8DA40355-D458-4EE6-9FD9-E1406C73E5EB} = {A7F38696-7175-4258-B853-BAF3EC649A4E}
		{609956AE-F9B0-489C-AE90-EC9D6068055F} = {A7F38696-7175-4258-B853-BAF3EC649A4E}
		{DD8DFE4B-BF87-4C8A-95A4-EFAA3F6EABD7} = {A7F38696-7175-4258-B853-BAF3EC649A4E}
	EndGlobalSection
EndGlobal
